
Microsoft Visual Studio Solution File, Format Version 12.00
# Visual Studio Version 17
VisualStudioVersion = 17.11.35219.272
MinimumVisualStudioVersion = 10.0.40219.1
Project("{FAE04EC0-301F-11D3-BF4B-00C04F79EFBC}") = "SpaceInvaders", "SpaceInvaders\SpaceInvaders.csproj", "{004A68F4-04DF-421A-8E23-BC18FD7BCE6B}"
EndProject
Global
	GlobalSection(SolutionConfigurationPlatforms) = preSolution
		Debug|Any CPU = Debug|Any CPU
		Release|Any CPU = Release|Any CPU
	EndGlobalSection
	GlobalSection(ProjectConfigurationPlatforms) = postSolution
		{004A68F4-04DF-421A-8E23-BC18FD7BCE6B}.Debug|Any CPU.ActiveCfg = Debug|Any CPU
		{004A68F4-04DF-421A-8E23-BC18FD7BCE6B}.Debug|Any CPU.Build.0 = Debug|Any CPU
		{004A68F4-04DF-421A-8E23-BC18FD7BCE6B}.Release|Any CPU.ActiveCfg = Release|Any CPU
		{004A68F4-04DF-421A-8E23-BC18FD7BCE6B}.Release|Any CPU.Build.0 = Release|Any CPU
	EndGlobalSection
	GlobalSection(SolutionProperties) = preSolution
		HideSolutionNode = FALSE
	EndGlobalSection
	GlobalSection(ExtensibilityGlobals) = postSolution
		SolutionGuid = {50FE6EDF-5B88-488F-8A60-514A92378AD4}
	EndGlobalSection
EndGlobal
